
Microsoft Visual Studio Solution File, Format Version 12.00
# Visual Studio Version 17
VisualStudioVersion = 17.7.34221.43
MinimumVisualStudioVersion = 10.0.40219.1
Project("{FAE04EC0-301F-11D3-BF4B-00C04F79EFBC}") = "licensing-directorate", "licensing-directorate\licensing-directorate.csproj", "{8CF77F8A-8E4D-4ECD-9A65-BCAEC8F2A442}"
EndProject
Global
	GlobalSection(SolutionConfigurationPlatforms) = preSolution
		Debug|Any CPU = Debug|Any CPU
		Release|Any CPU = Release|Any CPU
	EndGlobalSection
	GlobalSection(ProjectConfigurationPlatforms) = postSolution
		{8CF77F8A-8E4D-4ECD-9A65-BCAEC8F2A442}.Debug|Any CPU.ActiveCfg = Debug|Any CPU
		{8CF77F8A-8E4D-4ECD-9A65-BCAEC8F2A442}.Debug|Any CPU.Build.0 = Debug|Any CPU
		{8CF77F8A-8E4D-4ECD-9A65-BCAEC8F2A442}.Release|Any CPU.ActiveCfg = Release|Any CPU
		{8CF77F8A-8E4D-4ECD-9A65-BCAEC8F2A442}.Release|Any CPU.Build.0 = Release|Any CPU
	EndGlobalSection
	GlobalSection(SolutionProperties) = preSolution
		HideSolutionNode = FALSE
	EndGlobalSection
	GlobalSection(ExtensibilityGlobals) = postSolution
		SolutionGuid = {96676FED-B283-432A-A79E-3EDF6F964662}
	EndGlobalSection
EndGlobal
